{
  "originHash" : "03ed27682f5b60569b6d500608923edfb3b481ba15bdd48c717a30e764fce72e",
  "pins" : [
    {
      "identity" : "alamofire",
      "kind" : "remoteSourceControl",
      "location" : "https://github.com/wrandecima-bit/Alamofire",
      "state" : {
        "revision" : "7fdd403089757be2ce6991b287c7bef612c8bd04"
      }
    },
    {
      "identity" : "swift-collections",
      "kind" : "remoteSourceControl",
      "location" : "https://github.com/apple/swift-collections.git",
      "state" : {
        "revision" : "a0cb0954ecb21e4e31b0070e6ed5674e8556685a",
        "version" : "1.6.0"
      }
    }
  ],
  "version" : 3
}
